
Microsoft Visual Studio Solution File, Format Version 12.00
# Visual Studio Version 17
VisualStudioVersion = 17.9.34723.18
MinimumVisualStudioVersion = 10.0.40219.1
Project("{FAE04EC0-301F-11D3-BF4B-00C04F79EFBC}") = "ApiInterview", "ApiInterview.csproj", "{9B054679-B6C3-4B05-AC9F-42CBF8C55821}"
EndProject
Project("{FAE04EC0-301F-11D3-BF4B-00C04F79EFBC}") = "DataBase", "..\DataBase\DataBase.csproj", "{FAB200AE-C0D2-4237-9D55-13A0BC86707E}"
EndProject
Global
	GlobalSection(SolutionConfigurationPlatforms) = preSolution
		Debug|Any CPU = Debug|Any CPU
		Release|Any CPU = Release|Any CPU
	EndGlobalSection
	GlobalSection(ProjectConfigurationPlatforms) = postSolution
		{9B054679-B6C3-4B05-AC9F-42CBF8C55821}.Debug|Any CPU.ActiveCfg = Debug|Any CPU
		{9B054679-B6C3-4B05-AC9F-42CBF8C55821}.Debug|Any CPU.Build.0 = Debug|Any CPU
		{9B054679-B6C3-4B05-AC9F-42CBF8C55821}.Release|Any CPU.ActiveCfg = Release|Any CPU
		{9B054679-B6C3-4B05-AC9F-42CBF8C55821}.Release|Any CPU.Build.0 = Release|Any CPU
		{FAB200AE-C0D2-4237-9D55-13A0BC86707E}.Debug|Any CPU.ActiveCfg = Debug|Any CPU
		{FAB200AE-C0D2-4237-9D55-13A0BC86707E}.Debug|Any CPU.Build.0 = Debug|Any CPU
		{FAB200AE-C0D2-4237-9D55-13A0BC86707E}.Release|Any CPU.ActiveCfg = Release|Any CPU
		{FAB200AE-C0D2-4237-9D55-13A0BC86707E}.Release|Any CPU.Build.0 = Release|Any CPU
	EndGlobalSection
	GlobalSection(SolutionProperties) = preSolution
		HideSolutionNode = FALSE
	EndGlobalSection
	GlobalSection(ExtensibilityGlobals) = postSolution
		SolutionGuid = {9529C8F1-8BCD-4D20-B9C4-AB0D137B045F}
	EndGlobalSection
EndGlobal
